
Microsoft Visual Studio Solution File, Format Version 12.00
# Visual Studio 15
VisualStudioVersion = 15.0.27004.2009
MinimumVisualStudioVersion = 10.0.40219.1
Project("{8BC9CEB8-8B4A-11D0-8D11-00A0C91BC942}") = "canny1", "canny1\canny1.vcxproj", "{A9DEA42E-8BC2-44BF-BC09-D5EE5626E764}"
EndProject
Global
	GlobalSection(SolutionConfigurationPlatforms) = preSolution
		Debug|x64 = Debug|x64
		Debug|x86 = Debug|x86
		Release|x64 = Release|x64
		Release|x86 = Release|x86
	EndGlobalSection
	GlobalSection(ProjectConfigurationPlatforms) = postSolution
		{A9DEA42E-8BC2-44BF-BC09-D5EE5626E764}.Debug|x64.ActiveCfg = Debug|x64
		{A9DEA42E-8BC2-44BF-BC09-D5EE5626E764}.Debug|x64.Build.0 = Debug|x64
		{A9DEA42E-8BC2-44BF-BC09-D5EE5626E764}.Debug|x86.ActiveCfg = Debug|Win32
		{A9DEA42E-8BC2-44BF-BC09-D5EE5626E764}.Debug|x86.Build.0 = Debug|Win32
		{A9DEA42E-8BC2-44BF-BC09-D5EE5626E764}.Release|x64.ActiveCfg = Release|x64
		{A9DEA42E-8BC2-44BF-BC09-D5EE5626E764}.Release|x64.Build.0 = Release|x64
		{A9DEA42E-8BC2-44BF-BC09-D5EE5626E764}.Release|x86.ActiveCfg = Release|Win32
		{A9DEA42E-8BC2-44BF-BC09-D5EE5626E764}.Release|x86.Build.0 = Release|Win32
	EndGlobalSection
	GlobalSection(SolutionProperties) = preSolution
		HideSolutionNode = FALSE
	EndGlobalSection
	GlobalSection(ExtensibilityGlobals) = postSolution
		SolutionGuid = {B5958AC8-9C49-4AFD-905F-058EEF35AB47}
	EndGlobalSection
EndGlobal
